
Microsoft Visual Studio Solution File, Format Version 12.00
# Visual Studio Version 17
VisualStudioVersion = 17.0.32112.339
MinimumVisualStudioVersion = 10.0.40219.1
Project("{FAE04EC0-301F-11D3-BF4B-00C04F79EFBC}") = "0428", "0428\0428.csproj", "{E0D9A18F-3BA3-4B98-8721-584DBC3107CA}"
EndProject
Global
	GlobalSection(SolutionConfigurationPlatforms) = preSolution
		Debug|Any CPU = Debug|Any CPU
		Release|Any CPU = Release|Any CPU
	EndGlobalSection
	GlobalSection(ProjectConfigurationPlatforms) = postSolution
		{E0D9A18F-3BA3-4B98-8721-584DBC3107CA}.Debug|Any CPU.ActiveCfg = Debug|Any CPU
		{E0D9A18F-3BA3-4B98-8721-584DBC3107CA}.Debug|Any CPU.Build.0 = Debug|Any CPU
		{E0D9A18F-3BA3-4B98-8721-584DBC3107CA}.Release|Any CPU.ActiveCfg = Release|Any CPU
		{E0D9A18F-3BA3-4B98-8721-584DBC3107CA}.Release|Any CPU.Build.0 = Release|Any CPU
	EndGlobalSection
	GlobalSection(SolutionProperties) = preSolution
		HideSolutionNode = FALSE
	EndGlobalSection
	GlobalSection(ExtensibilityGlobals) = postSolution
		SolutionGuid = {1EB0AA6E-C03F-4108-8392-B9E512ADDC21}
	EndGlobalSection
EndGlobal
