
Microsoft Visual Studio Solution File, Format Version 12.00
# Visual Studio Version 17
VisualStudioVersion = 17.0.32112.339
MinimumVisualStudioVersion = 10.0.40219.1
Project("{9A19103F-16F7-4668-BE54-9A1E7A4F7556}") = "Test", "Test\Test.csproj", "{DC837513-E872-44A3-B5E3-80C15D0F9A69}"
EndProject
Project("{FAE04EC0-301F-11D3-BF4B-00C04F79EFBC}") = "ReplaceInFile", "ReplaceInFile\ReplaceInFile.csproj", "{A5C7EA8B-BA05-498F-A856-5F41499743AD}"
EndProject
Global
	GlobalSection(SolutionConfigurationPlatforms) = preSolution
		Debug|Any CPU = Debug|Any CPU
		Release|Any CPU = Release|Any CPU
	EndGlobalSection
	GlobalSection(ProjectConfigurationPlatforms) = postSolution
		{DC837513-E872-44A3-B5E3-80C15D0F9A69}.Debug|Any CPU.ActiveCfg = Debug|Any CPU
		{DC837513-E872-44A3-B5E3-80C15D0F9A69}.Debug|Any CPU.Build.0 = Debug|Any CPU
		{DC837513-E872-44A3-B5E3-80C15D0F9A69}.Release|Any CPU.ActiveCfg = Release|Any CPU
		{DC837513-E872-44A3-B5E3-80C15D0F9A69}.Release|Any CPU.Build.0 = Release|Any CPU
		{A5C7EA8B-BA05-498F-A856-5F41499743AD}.Debug|Any CPU.ActiveCfg = Debug|Any CPU
		{A5C7EA8B-BA05-498F-A856-5F41499743AD}.Debug|Any CPU.Build.0 = Debug|Any CPU
		{A5C7EA8B-BA05-498F-A856-5F41499743AD}.Release|Any CPU.ActiveCfg = Release|Any CPU
		{A5C7EA8B-BA05-498F-A856-5F41499743AD}.Release|Any CPU.Build.0 = Release|Any CPU
	EndGlobalSection
	GlobalSection(SolutionProperties) = preSolution
		HideSolutionNode = FALSE
	EndGlobalSection
	GlobalSection(ExtensibilityGlobals) = postSolution
		SolutionGuid = {F357E74B-4914-4E98-9FFE-F2A5A860AF03}
	EndGlobalSection
EndGlobal
