
Microsoft Visual Studio Solution File, Format Version 12.00
# Visual Studio Version 17
VisualStudioVersion = 17.0.32112.339
MinimumVisualStudioVersion = 10.0.40219.1
Project("{FAE04EC0-301F-11D3-BF4B-00C04F79EFBC}") = "0503", "0503\0503.csproj", "{DEA29613-99C7-4A16-B095-6E5AE117FEF1}"
EndProject
Global
	GlobalSection(SolutionConfigurationPlatforms) = preSolution
		Debug|Any CPU = Debug|Any CPU
		Release|Any CPU = Release|Any CPU
	EndGlobalSection
	GlobalSection(ProjectConfigurationPlatforms) = postSolution
		{DEA29613-99C7-4A16-B095-6E5AE117FEF1}.Debug|Any CPU.ActiveCfg = Debug|Any CPU
		{DEA29613-99C7-4A16-B095-6E5AE117FEF1}.Debug|Any CPU.Build.0 = Debug|Any CPU
		{DEA29613-99C7-4A16-B095-6E5AE117FEF1}.Release|Any CPU.ActiveCfg = Release|Any CPU
		{DEA29613-99C7-4A16-B095-6E5AE117FEF1}.Release|Any CPU.Build.0 = Release|Any CPU
	EndGlobalSection
	GlobalSection(SolutionProperties) = preSolution
		HideSolutionNode = FALSE
	EndGlobalSection
	GlobalSection(ExtensibilityGlobals) = postSolution
		SolutionGuid = {41C40A5A-EEE8-4BA2-AEB0-6F491C0A693B}
	EndGlobalSection
EndGlobal
