
Microsoft Visual Studio Solution File, Format Version 12.00
# Visual Studio Version 17
VisualStudioVersion = 17.0.32112.339
MinimumVisualStudioVersion = 10.0.40219.1
Project("{FAE04EC0-301F-11D3-BF4B-00C04F79EFBC}") = "0413", "0413\0413.csproj", "{82F007D7-80EA-4454-8032-C607D65D3866}"
EndProject
Global
	GlobalSection(SolutionConfigurationPlatforms) = preSolution
		Debug|Any CPU = Debug|Any CPU
		Release|Any CPU = Release|Any CPU
	EndGlobalSection
	GlobalSection(ProjectConfigurationPlatforms) = postSolution
		{82F007D7-80EA-4454-8032-C607D65D3866}.Debug|Any CPU.ActiveCfg = Debug|Any CPU
		{82F007D7-80EA-4454-8032-C607D65D3866}.Debug|Any CPU.Build.0 = Debug|Any CPU
		{82F007D7-80EA-4454-8032-C607D65D3866}.Release|Any CPU.ActiveCfg = Release|Any CPU
		{82F007D7-80EA-4454-8032-C607D65D3866}.Release|Any CPU.Build.0 = Release|Any CPU
	EndGlobalSection
	GlobalSection(SolutionProperties) = preSolution
		HideSolutionNode = FALSE
	EndGlobalSection
	GlobalSection(ExtensibilityGlobals) = postSolution
		SolutionGuid = {72C2FE29-7048-4C7D-AD94-03C6610FB01C}
	EndGlobalSection
EndGlobal
